// !$*UTF8*$!
{
	archiveVersion = 1;
	classes = {
	};
	objectVersion = 46;
	objects = {

/* Begin PBXBuildFile section */
		671DE4F11B1AD68C00372CA5 /* main.m in Sources */ = {isa = PBXBuildFile; fileRef = 671DE4F01B1AD68C00372CA5 /* main.m */; };
		671DE4F41B1AD68C00372CA5 /* AppDelegate.m in Sources */ = {isa = PBXBuildFile; fileRef = 671DE4F31B1AD68C00372CA5 /* AppDelegate.m */; };
		671DE4F71B1AD68C00372CA5 /* TableView.xcdatamodeld in Sources */ = {isa = PBXBuildFile; fileRef = 671DE4F51B1AD68C00372CA5 /* TableView.xcdatamodeld */; };
		671DE4FA1B1AD68C00372CA5 /* ViewController.m in Sources */ = {isa = PBXBuildFile; fileRef = 671DE4F91B1AD68C00372CA5 /* ViewController.m */; };
		671DE4FD1B1AD68C00372CA5 /* Main.storyboard in Resources */ = {isa = PBXBuildFile; fileRef = 671DE4FB1B1AD68C00372CA5 /* Main.storyboard */; };
		671DE4FF1B1AD68C00372CA5 /* Images.xcassets in Resources */ = {isa = PBXBuildFile; fileRef = 671DE4FE1B1AD68C00372CA5 /* Images.xcassets */; };
		671DE5021B1AD68C00372CA5 /* LaunchScreen.xib in Resources */ = {isa = PBXBuildFile; fileRef = 671DE5001B1AD68C00372CA5 /* LaunchScreen.xib */; };
		671DE50E1B1AD68C00372CA5 /* TableViewTests.m in Sources */ = {isa = PBXBuildFile; fileRef = 671DE50D1B1AD68C00372CA5 /* TableViewTests.m */; };
		67B26EAB1B1D7F8100CA7DEC /* BIDNameAndColorCellUseNib.xib in Resources */ = {isa = PBXBuildFile; fileRef = 67B26EAA1B1D7F8100CA7DEC /* BIDNameAndColorCellUseNib.xib */; };
		67F7BA7E1B1CA99A003B4EB4 /* BIDNameAndColorCell.m in Sources */ = {isa = PBXBuildFile; fileRef = 67F7BA7D1B1CA99A003B4EB4 /* BIDNameAndColorCell.m */; };
/* End PBXBuildFile section */

/* Begin PBXContainerItemProxy section */
		671DE5081B1AD68C00372CA5 /* PBXContainerItemProxy */ = {
			isa = PBXContainerItemProxy;
			containerPortal = 671DE4E31B1AD68C00372CA5 /* Project object */;
			proxyType = 1;
			remoteGlobalIDString = 671DE4EA1B1AD68C00372CA5;
			remoteInfo = TableView;
		};
/* End PBXContainerItemProxy section */

/* Begin PBXFileReference section */
		671DE4EB1B1AD68C00372CA5 /* TableView.app */ = {isa = PBXFileReference; explicitFileType = wrapper.application; includeInIndex = 0; path = TableView.app; sourceTree = BUILT_PRODUCTS_DIR; };
		671DE4EF1B1AD68C00372CA5 /* Info.plist */ = {isa = PBXFileReference; lastKnownFileType = text.plist.xml; path = Info.plist; sourceTree = "<group>"; };
		671DE4F01B1AD68C00372CA5 /* main.m */ = {isa = PBXFileReference; lastKnownFileType = sourcecode.c.objc; path = main.m; sourceTree = "<group>"; };
		671DE4F21B1AD68C00372CA5 /* AppDelegate.h */ = {isa = PBXFileReference; lastKnownFileType = sourcecode.c.h; path = AppDelegate.h; sourceTree = "<group>"; };
		671DE4F31B1AD68C00372CA5 /* AppDelegate.m */ = {isa = PBXFileReference; lastKnownFileType = sourcecode.c.objc; path = AppDelegate.m; sourceTree = "<group>"; };
		671DE4F61B1AD68C00372CA5 /* TableView.xcdatamodel */ = {isa = PBXFileReference; lastKnownFileType = wrapper.xcdatamodel; path = TableView.xcdatamodel; sourceTree = "<group>"; };
		671DE4F81B1AD68C00372CA5 /* ViewController.h */ = {isa = PBXFileReference; lastKnownFileType = sourcecode.c.h; path = ViewController.h; sourceTree = "<group>"; };
		671DE4F91B1AD68C00372CA5 /* ViewController.m */ = {isa = PBXFileReference; lastKnownFileType = sourcecode.c.objc; path = ViewController.m; sourceTree = "<group>"; };
		671DE4FC1B1AD68C00372CA5 /* Base */ = {isa = PBXFileReference; lastKnownFileType = file.storyboard; name = Base; path = Base.lproj/Main.storyboard; sourceTree = "<group>"; };
		671DE4FE1B1AD68C00372CA5 /* Images.xcassets */ = {isa = PBXFileReference; lastKnownFileType = folder.assetcatalog; path = Images.xcassets; sourceTree = "<group>"; };
		671DE5011B1AD68C00372CA5 /* Base */ = {isa = PBXFileReference; lastKnownFileType = file.xib; name = Base; path = Base.lproj/LaunchScreen.xib; sourceTree = "<group>"; };
		671DE5071B1AD68C00372CA5 /* TableViewTests.xctest */ = {isa = PBXFileReference; explicitFileType = wrapper.cfbundle; includeInIndex = 0; path = TableViewTests.xctest; sourceTree = BUILT_PRODUCTS_DIR; };
		671DE50C1B1AD68C00372CA5 /* Info.plist */ = {isa = PBXFileReference; lastKnownFileType = text.plist.xml; path = Info.plist; sourceTree = "<group>"; };
		671DE50D1B1AD68C00372CA5 /* TableViewTests.m */ = {isa = PBXFileReference; lastKnownFileType = sourcecode.c.objc; path = TableViewTests.m; sourceTree = "<group>"; };
		67B26EAA1B1D7F8100CA7DEC /* BIDNameAndColorCellUseNib.xib */ = {isa = PBXFileReference; fileEncoding = 4; lastKnownFileType = file.xib; path = BIDNameAndColorCellUseNib.xib; sourceTree = "<group>"; };
		67F7BA7C1B1CA99A003B4EB4 /* BIDNameAndColorCell.h */ = {isa = PBXFileReference; fileEncoding = 4; lastKnownFileType = sourcecode.c.h; path = BIDNameAndColorCell.h; sourceTree = "<group>"; };
		67F7BA7D1B1CA99A003B4EB4 /* BIDNameAndColorCell.m */ = {isa = PBXFileReference; fileEncoding = 4; lastKnownFileType = sourcecode.c.objc; path = BIDNameAndColorCell.m; sourceTree = "<group>"; };
/* End PBXFileReference section */

/* Begin PBXFrameworksBuildPhase section */
		671DE4E81B1AD68C00372CA5 /* Frameworks */ = {
			isa = PBXFrameworksBuildPhase;
			buildActionMask = 2147483647;
			files = (
			);
			runOnlyForDeploymentPostprocessing = 0;
		};
		671DE5041B1AD68C00372CA5 /* Frameworks */ = {
			isa = PBXFrameworksBuildPhase;
			buildActionMask = 2147483647;
			files = (
			);
			runOnlyForDeploymentPostprocessing = 0;
		};
/* End PBXFrameworksBuildPhase section */

/* Begin PBXGroup section */
		671DE4E21B1AD68C00372CA5 = {
			isa = PBXGroup;
			children = (
				671DE4ED1B1AD68C00372CA5 /* TableView */,
				671DE50A1B1AD68C00372CA5 /* TableViewTests */,
				671DE4EC1B1AD68C00372CA5 /* Products */,
			);
			sourceTree = "<group>";
		};
		671DE4EC1B1AD68C00372CA5 /* Products */ = {
			isa = PBXGroup;
			children = (
				671DE4EB1B1AD68C00372CA5 /* TableView.app */,
				671DE5071B1AD68C00372CA5 /* TableViewTests.xctest */,
			);
			name = Products;
			sourceTree = "<group>";
		};
		671DE4ED1B1AD68C00372CA5 /* TableView */ = {
			isa = PBXGroup;
			children = (
				67B26EA91B1D7F0B00CA7DEC /* Cells */,
				671DE4F21B1AD68C00372CA5 /* AppDelegate.h */,
				671DE4F31B1AD68C00372CA5 /* AppDelegate.m */,
				671DE4F81B1AD68C00372CA5 /* ViewController.h */,
				671DE4F91B1AD68C00372CA5 /* ViewController.m */,
				671DE4FB1B1AD68C00372CA5 /* Main.storyboard */,
				671DE4FE1B1AD68C00372CA5 /* Images.xcassets */,
				671DE5001B1AD68C00372CA5 /* LaunchScreen.xib */,
				671DE4F51B1AD68C00372CA5 /* TableView.xcdatamodeld */,
				671DE4EE1B1AD68C00372CA5 /* Supporting Files */,
			);
			path = TableView;
			sourceTree = "<group>";
		};
		671DE4EE1B1AD68C00372CA5 /* Supporting Files */ = {
			isa = PBXGroup;
			children = (
				671DE4EF1B1AD68C00372CA5 /* Info.plist */,
				671DE4F01B1AD68C00372CA5 /* main.m */,
			);
			name = "Supporting Files";
			sourceTree = "<group>";
		};
		671DE50A1B1AD68C00372CA5 /* TableViewTests */ = {
			isa = PBXGroup;
			children = (
				671DE50D1B1AD68C00372CA5 /* TableViewTests.m */,
				671DE50B1B1AD68C00372CA5 /* Supporting Files */,
			);
			path = TableViewTests;
			sourceTree = "<group>";
		};
		671DE50B1B1AD68C00372CA5 /* Supporting Files */ = {
			isa = PBXGroup;
			children = (
				671DE50C1B1AD68C00372CA5 /* Info.plist */,
			);
			name = "Supporting Files";
			sourceTree = "<group>";
		};
		67B26EA91B1D7F0B00CA7DEC /* Cells */ = {
			isa = PBXGroup;
			children = (
				67F7BA7C1B1CA99A003B4EB4 /* BIDNameAndColorCell.h */,
				67F7BA7D1B1CA99A003B4EB4 /* BIDNameAndColorCell.m */,
				67B26EAA1B1D7F8100CA7DEC /* BIDNameAndColorCellUseNib.xib */,
			);
			name = Cells;
			sourceTree = "<group>";
		};
/* End PBXGroup section */

/* Begin PBXNativeTarget section */
		671DE4EA1B1AD68C00372CA5 /* TableView */ = {
			isa = PBXNativeTarget;
			buildConfigurationList = 671DE5111B1AD68C00372CA5 /* Build configuration list for PBXNativeTarget "TableView" */;
			buildPhases = (
				671DE4E71B1AD68C00372CA5 /* Sources */,
				671DE4E81B1AD68C00372CA5 /* Frameworks */,
				671DE4E91B1AD68C00372CA5 /* Resources */,
			);
			buildRules = (
			);
			dependencies = (
			);
			name = TableView;
			productName = TableView;
			productReference = 671DE4EB1B1AD68C00372CA5 /* TableView.app */;
			productType = "com.apple.product-type.application";
		};
		671DE5061B1AD68C00372CA5 /* TableViewTests */ = {
			isa = PBXNativeTarget;
			buildConfigurationList = 671DE5141B1AD68C00372CA5 /* Build configuration list for PBXNativeTarget "TableViewTests" */;
			buildPhases = (
				671DE5031B1AD68C00372CA5 /* Sources */,
				671DE5041B1AD68C00372CA5 /* Frameworks */,
				671DE5051B1AD68C00372CA5 /* Resources */,
			);
			buildRules = (
			);
			dependencies = (
				671DE5091B1AD68C00372CA5 /* PBXTargetDependency */,
			);
			name = TableViewTests;
			productName = TableViewTests;
			productReference = 671DE5071B1AD68C00372CA5 /* TableViewTests.xctest */;
			productType = "com.apple.product-type.bundle.unit-test";
		};
/* End PBXNativeTarget section */

/* Begin PBXProject section */
		671DE4E31B1AD68C00372CA5 /* Project object */ = {
			isa = PBXProject;
			attributes = {
				LastUpgradeCheck = 0630;
				ORGANIZATIONNAME = tangbin;
				TargetAttributes = {
					671DE4EA1B1AD68C00372CA5 = {
						CreatedOnToolsVersion = 6.3.2;
					};
					671DE5061B1AD68C00372CA5 = {
						CreatedOnToolsVersion = 6.3.2;
						TestTargetID = 671DE4EA1B1AD68C00372CA5;
					};
				};
			};
			buildConfigurationList = 671DE4E61B1AD68C00372CA5 /* Build configuration list for PBXProject "TableView" */;
			compatibilityVersion = "Xcode 3.2";
			developmentRegion = English;
			hasScannedForEncodings = 0;
			knownRegions = (
				en,
				Base,
			);
			mainGroup = 671DE4E21B1AD68C00372CA5;
			productRefGroup = 671DE4EC1B1AD68C00372CA5 /* Products */;
			projectDirPath = "";
			projectRoot = "";
			targets = (
				671DE4EA1B1AD68C00372CA5 /* TableView */,
				671DE5061B1AD68C00372CA5 /* TableViewTests */,
			);
		};
/* End PBXProject section */

/* Begin PBXResourcesBuildPhase section */
		671DE4E91B1AD68C00372CA5 /* Resources */ = {
			isa = PBXResourcesBuildPhase;
			buildActionMask = 2147483647;
			files = (
				671DE4FD1B1AD68C00372CA5 /* Main.storyboard in Resources */,
				671DE5021B1AD68C00372CA5 /* LaunchScreen.xib in Resources */,
				67B26EAB1B1D7F8100CA7DEC /* BIDNameAndColorCellUseNib.xib in Resources */,
				671DE4FF1B1AD68C00372CA5 /* Images.xcassets in Resources */,
			);
			runOnlyForDeploymentPostprocessing = 0;
		};
		671DE5051B1AD68C00372CA5 /* Resources */ = {
			isa = PBXResourcesBuildPhase;
			buildActionMask = 2147483647;
			files = (
			);
			runOnlyForDeploymentPostprocessing = 0;
		};
/* End PBXResourcesBuildPhase section */

/* Begin PBXSourcesBuildPhase section */
		671DE4E71B1AD68C00372CA5 /* Sources */ = {
			isa = PBXSourcesBuildPhase;
			buildActionMask = 2147483647;
			files = (
				671DE4F41B1AD68C00372CA5 /* AppDelegate.m in Sources */,
				671DE4F71B1AD68C00372CA5 /* TableView.xcdatamodeld in Sources */,
				671DE4FA1B1AD68C00372CA5 /* ViewController.m in Sources */,
				67F7BA7E1B1CA99A003B4EB4 /* BIDNameAndColorCell.m in Sources */,
				671DE4F11B1AD68C00372CA5 /* main.m in Sources */,
			);
			runOnlyForDeploymentPostprocessing = 0;
		};
		671DE5031B1AD68C00372CA5 /* Sources */ = {
			isa = PBXSourcesBuildPhase;
			buildActionMask = 2147483647;
			files = (
				671DE50E1B1AD68C00372CA5 /* TableViewTests.m in Sources */,
			);
			runOnlyForDeploymentPostprocessing = 0;
		};
/* End PBXSourcesBuildPhase section */

/* Begin PBXTargetDependency section */
		671DE5091B1AD68C00372CA5 /* PBXTargetDependency */ = {
			isa = PBXTargetDependency;
			target = 671DE4EA1B1AD68C00372CA5 /* TableView */;
			targetProxy = 671DE5081B1AD68C00372CA5 /* PBXContainerItemProxy */;
		};
/* End PBXTargetDependency section */

/* Begin PBXVariantGroup section */
		671DE4FB1B1AD68C00372CA5 /* Main.storyboard */ = {
			isa = PBXVariantGroup;
			children = (
				671DE4FC1B1AD68C00372CA5 /* Base */,
			);
			name = Main.storyboard;
			sourceTree = "<group>";
		};
		671DE5001B1AD68C00372CA5 /* LaunchScreen.xib */ = {
			isa = PBXVariantGroup;
			children = (
				671DE5011B1AD68C00372CA5 /* Base */,
			);
			name = LaunchScreen.xib;
			sourceTree = "<group>";
		};
/* End PBXVariantGroup section */

/* Begin XCBuildConfiguration section */
		671DE50F1B1AD68C00372CA5 /* Debug */ = {
			isa = XCBuildConfiguration;
			buildSettings = {
				ALWAYS_SEARCH_USER_PATHS = NO;
				CLANG_CXX_LANGUAGE_STANDARD = "gnu++0x";
				CLANG_CXX_LIBRARY = "libc++";
				CLANG_ENABLE_MODULES = YES;
				CLANG_ENABLE_OBJC_ARC = YES;
				CLANG_WARN_BOOL_CONVERSION = YES;
				CLANG_WARN_CONSTANT_CONVERSION = YES;
				CLANG_WARN_DIRECT_OBJC_ISA_USAGE = YES_ERROR;
				CLANG_WARN_EMPTY_BODY = YES;
				CLANG_WARN_ENUM_CONVERSION = YES;
				CLANG_WARN_INT_CONVERSION = YES;
				CLANG_WARN_OBJC_ROOT_CLASS = YES_ERROR;
				CLANG_WARN_UNREACHABLE_CODE = YES;
				CLANG_WARN__DUPLICATE_METHOD_MATCH = YES;
				"CODE_SIGN_IDENTITY[sdk=iphoneos*]" = "iPhone Developer";
				COPY_PHASE_STRIP = NO;
				DEBUG_INFORMATION_FORMAT = "dwarf-with-dsym";
				ENABLE_STRICT_OBJC_MSGSEND = YES;
				GCC_C_LANGUAGE_STANDARD = gnu99;
				GCC_DYNAMIC_NO_PIC = NO;
				GCC_NO_COMMON_BLOCKS = YES;
				GCC_OPTIMIZATION_LEVEL = 0;
				GCC_PREPROCESSOR_DEFINITIONS = (
					"DEBUG=1",
					"$(inherited)",
				);
				GCC_SYMBOLS_PRIVATE_EXTERN = NO;
				GCC_WARN_64_TO_32_BIT_CONVERSION = YES;
				GCC_WARN_ABOUT_RETURN_TYPE = YES_ERROR;
				GCC_WARN_UNDECLARED_SELECTOR = YES;
				GCC_WARN_UNINITIALIZED_AUTOS = YES_AGGRESSIVE;
				GCC_WARN_UNUSED_FUNCTION = YES;
				GCC_WARN_UNUSED_VARIABLE = YES;
				IPHONEOS_DEPLOYMENT_TARGET = 8.3;
				MTL_ENABLE_DEBUG_INFO = YES;
				ONLY_ACTIVE_ARCH = YES;
				SDKROOT = iphoneos;
				TARGETED_DEVICE_FAMILY = "1,2";
			};
			name = Debug;
		};
		671DE5101B1AD68C00372CA5 /* Release */ = {
			isa = XCBuildConfiguration;
			buildSettings = {
				ALWAYS_SEARCH_USER_PATHS = NO;
				CLANG_CXX_LANGUAGE_STANDARD = "gnu++0x";
				CLANG_CXX_LIBRARY = "libc++";
				CLANG_ENABLE_MODULES = YES;
				CLANG_ENABLE_OBJC_ARC = YES;
				CLANG_WARN_BOOL_CONVERSION = YES;
				CLANG_WARN_CONSTANT_CONVERSION = YES;
				CLANG_WARN_DIRECT_OBJC_ISA_USAGE = YES_ERROR;
				CLANG_WARN_EMPTY_BODY = YES;
				CLANG_WARN_ENUM_CONVERSION = YES;
				CLANG_WARN_INT_CONVERSION = YES;
				CLANG_WARN_OBJC_ROOT_CLASS = YES_ERROR;
				CLANG_WARN_UNREACHABLE_CODE = YES;
				CLANG_WARN__DUPLICATE_METHOD_MATCH = YES;
				"CODE_SIGN_IDENTITY[sdk=iphoneos*]" = "iPhone Developer";
				COPY_PHASE_STRIP = NO;
				DEBUG_INFORMATION_FORMAT = "dwarf-with-dsym";
				ENABLE_NS_ASSERTIONS = NO;
				ENABLE_STRICT_OBJC_MSGSEND = YES;
				GCC_C_LANGUAGE_STANDARD = gnu99;
				GCC_NO_COMMON_BLOCKS = YES;
				GCC_WARN_64_TO_32_BIT_CONVERSION = YES;
				GCC_WARN_ABOUT_RETURN_TYPE = YES_ERROR;
				GCC_WARN_UNDECLARED_SELECTOR = YES;
				GCC_WARN_UNINITIALIZED_AUTOS = YES_AGGRESSIVE;
				GCC_WARN_UNUSED_FUNCTION = YES;
				GCC_WARN_UNUSED_VARIABLE = YES;
				IPHONEOS_DEPLOYMENT_TARGET = 8.3;
				MTL_ENABLE_DEBUG_INFO = NO;
				SDKROOT = iphoneos;
				TARGETED_DEVICE_FAMILY = "1,2";
				VALIDATE_PRODUCT = YES;
			};
			name = Release;
		};
		671DE5121B1AD68C00372CA5 /* Debug */ = {
			isa = XCBuildConfiguration;
			buildSettings = {
				ASSETCATALOG_COMPILER_APPICON_NAME = AppIcon;
				INFOPLIST_FILE = TableView/Info.plist;
				LD_RUNPATH_SEARCH_PATHS = "$(inherited) @executable_path/Frameworks";
				PRODUCT_NAME = "$(TARGET_NAME)";
			};
			name = Debug;
		};
		671DE5131B1AD68C00372CA5 /* Release */ = {
			isa = XCBuildConfiguration;
			buildSettings = {
				ASSETCATALOG_COMPILER_APPICON_NAME = AppIcon;
				INFOPLIST_FILE = TableView/Info.plist;
				LD_RUNPATH_SEARCH_PATHS = "$(inherited) @executable_path/Frameworks";
				PRODUCT_NAME = "$(TARGET_NAME)";
			};
			name = Release;
		};
		671DE5151B1AD68C00372CA5 /* Debug */ = {
			isa = XCBuildConfiguration;
			buildSettings = {
				BUNDLE_LOADER = "$(TEST_HOST)";
				FRAMEWORK_SEARCH_PATHS = (
					"$(SDKROOT)/Developer/Library/Frameworks",
					"$(inherited)",
				);
				GCC_PREPROCESSOR_DEFINITIONS = (
					"DEBUG=1",
					"$(inherited)",
				);
				INFOPLIST_FILE = TableViewTests/Info.plist;
				LD_RUNPATH_SEARCH_PATHS = "$(inherited) @executable_path/Frameworks @loader_path/Frameworks";
				PRODUCT_NAME = "$(TARGET_NAME)";
				TEST_HOST = "$(BUILT_PRODUCTS_DIR)/TableView.app/TableView";
			};
			name = Debug;
		};
		671DE5161B1AD68C00372CA5 /* Release */ = {
			isa = XCBuildConfiguration;
			buildSettings = {
				BUNDLE_LOADER = "$(TEST_HOST)";
				FRAMEWORK_SEARCH_PATHS = (
					"$(SDKROOT)/Developer/Library/Frameworks",
					"$(inherited)",
				);
				INFOPLIST_FILE = TableViewTests/Info.plist;
				LD_RUNPATH_SEARCH_PATHS = "$(inherited) @executable_path/Frameworks @loader_path/Frameworks";
				PRODUCT_NAME = "$(TARGET_NAME)";
				TEST_HOST = "$(BUILT_PRODUCTS_DIR)/TableView.app/TableView";
			};
			name = Release;
		};
/* End XCBuildConfiguration section */

/* Begin XCConfigurationList section */
		671DE4E61B1AD68C00372CA5 /* Build configuration list for PBXProject "TableView" */ = {
			isa = XCConfigurationList;
			buildConfigurations = (
				671DE50F1B1AD68C00372CA5 /* Debug */,
				671DE5101B1AD68C00372CA5 /* Release */,
			);
			defaultConfigurationIsVisible = 0;
			defaultConfigurationName = Release;
		};
		671DE5111B1AD68C00372CA5 /* Build configuration list for PBXNativeTarget "TableView" */ = {
			isa = XCConfigurationList;
			buildConfigurations = (
				671DE5121B1AD68C00372CA5 /* Debug */,
				671DE5131B1AD68C00372CA5 /* Release */,
			);
			defaultConfigurationIsVisible = 0;
			defaultConfigurationName = Release;
		};
		671DE5141B1AD68C00372CA5 /* Build configuration list for PBXNativeTarget "TableViewTests" */ = {
			isa = XCConfigurationList;
			buildConfigurations = (
				671DE5151B1AD68C00372CA5 /* Debug */,
				671DE5161B1AD68C00372CA5 /* Release */,
			);
			defaultConfigurationIsVisible = 0;
			defaultConfigurationName = Release;
		};
/* End XCConfigurationList section */

/* Begin XCVersionGroup section */
		671DE4F51B1AD68C00372CA5 /* TableView.xcdatamodeld */ = {
			isa = XCVersionGroup;
			children = (
				671DE4F61B1AD68C00372CA5 /* TableView.xcdatamodel */,
			);
			currentVersion = 671DE4F61B1AD68C00372CA5 /* TableView.xcdatamodel */;
			path = TableView.xcdatamodeld;
			sourceTree = "<group>";
			versionGroupType = wrapper.xcdatamodel;
		};
/* End XCVersionGroup section */
	};
	rootObject = 671DE4E31B1AD68C00372CA5 /* Project object */;
}
